
Microsoft Visual Studio Solution File, Format Version 12.00
# vs2026为18版本，此时Aspect的SDK可为net10，以前在vs 2022下不只能支持net standard 2.0
# Visual Studio Version 18  
VisualStudioVersion = 18.0.11205.157 d18.0
MinimumVisualStudioVersion = 18.0.11205.157
Project("{2150E333-8FDC-42A3-9474-1A3956D46DE8}") = "💎 系统扩展", "💎 系统扩展", "{70A0643A-4067-4CDD-9374-6167D671914D}"
EndProject
Project("{FAE04EC0-301F-11D3-BF4B-00C04F79EFBC}") = "Snail.Utilities", "src\Snail.Utilities\Snail.Utilities.csproj", "{50D16324-19DF-46F7-9E03-782B0975DF42}"
EndProject
Project("{2150E333-8FDC-42A3-9474-1A3956D46DE8}") = "📌 抽象层", "📌 抽象层", "{2ABCB366-DE82-4B83-9228-02D7F400759A}"
EndProject
Project("{FAE04EC0-301F-11D3-BF4B-00C04F79EFBC}") = "Snail.Abstractions", "src\Snail.Abstractions\Snail.Abstractions.csproj", "{D5129506-867B-4481-B22B-80867713464E}"
	ProjectSection(ProjectDependencies) = postProject
		{50D16324-19DF-46F7-9E03-782B0975DF42} = {50D16324-19DF-46F7-9E03-782B0975DF42}
	EndProjectSection
EndProject
Project("{FAE04EC0-301F-11D3-BF4B-00C04F79EFBC}") = "Snail.Aspect", "src\Snail.Aspect\Snail.Aspect.csproj", "{1D4B4640-A762-4293-B16D-33BE59EF6979}"
EndProject
Project("{2150E333-8FDC-42A3-9474-1A3956D46DE8}") = "📦 实现类库", "📦 实现类库", "{7FEBAB95-2F21-494F-86E9-2D185B19533C}"
EndProject
Project("{FAE04EC0-301F-11D3-BF4B-00C04F79EFBC}") = "Snail", "src\Snail\Snail.csproj", "{1125A99F-8885-4CD9-8C88-271254B9AE40}"
	ProjectSection(ProjectDependencies) = postProject
		{1D4B4640-A762-4293-B16D-33BE59EF6979} = {1D4B4640-A762-4293-B16D-33BE59EF6979}
		{D5129506-867B-4481-B22B-80867713464E} = {D5129506-867B-4481-B22B-80867713464E}
	EndProjectSection
EndProject
Project("{FAE04EC0-301F-11D3-BF4B-00C04F79EFBC}") = "Snail.Logger", "src\Snail.Logger\Snail.Logger.csproj", "{C2996423-9DFF-4C22-92F4-6428CF17839C}"
	ProjectSection(ProjectDependencies) = postProject
		{D5129506-867B-4481-B22B-80867713464E} = {D5129506-867B-4481-B22B-80867713464E}
	EndProjectSection
EndProject
Project("{FAE04EC0-301F-11D3-BF4B-00C04F79EFBC}") = "Snail.RabbitMQ", "src\Snail.RabbitMQ\Snail.RabbitMQ.csproj", "{1B20969D-1748-4148-B6D1-4926DE506909}"
	ProjectSection(ProjectDependencies) = postProject
		{1125A99F-8885-4CD9-8C88-271254B9AE40} = {1125A99F-8885-4CD9-8C88-271254B9AE40}
		{D5129506-867B-4481-B22B-80867713464E} = {D5129506-867B-4481-B22B-80867713464E}
	EndProjectSection
EndProject
Project("{FAE04EC0-301F-11D3-BF4B-00C04F79EFBC}") = "Snail.Redis", "src\Snail.Redis\Snail.Redis.csproj", "{AC2AF931-6BCA-4978-9FDE-506AE083ADC1}"
	ProjectSection(ProjectDependencies) = postProject
		{1125A99F-8885-4CD9-8C88-271254B9AE40} = {1125A99F-8885-4CD9-8C88-271254B9AE40}
		{D5129506-867B-4481-B22B-80867713464E} = {D5129506-867B-4481-B22B-80867713464E}
	EndProjectSection
EndProject
Project("{FAE04EC0-301F-11D3-BF4B-00C04F79EFBC}") = "Snail.WebApp", "src\Snail.WebApp\Snail.WebApp.csproj", "{2D0B6B02-D19D-44C4-BE2D-F5DED1525086}"
	ProjectSection(ProjectDependencies) = postProject
		{1125A99F-8885-4CD9-8C88-271254B9AE40} = {1125A99F-8885-4CD9-8C88-271254B9AE40}
		{D5129506-867B-4481-B22B-80867713464E} = {D5129506-867B-4481-B22B-80867713464E}
	EndProjectSection
EndProject
Project("{2150E333-8FDC-42A3-9474-1A3956D46DE8}") = "🗄️ 数据库实现", "🗄️ 数据库实现", "{176053B2-9695-49C1-A3F8-E7115810594D}"
EndProject
Project("{FAE04EC0-301F-11D3-BF4B-00C04F79EFBC}") = "Snail.Elastic", "src\Snail.Elastic\Snail.Elastic.csproj", "{EE9FCF72-998C-42F8-8BA9-D8A0CB2749D2}"
	ProjectSection(ProjectDependencies) = postProject
		{1125A99F-8885-4CD9-8C88-271254B9AE40} = {1125A99F-8885-4CD9-8C88-271254B9AE40}
		{D5129506-867B-4481-B22B-80867713464E} = {D5129506-867B-4481-B22B-80867713464E}
	EndProjectSection
EndProject
Project("{FAE04EC0-301F-11D3-BF4B-00C04F79EFBC}") = "Snail.Mongo", "src\Snail.Mongo\Snail.Mongo.csproj", "{7FAD33FE-801D-49A8-B54F-5F425CEB31F9}"
	ProjectSection(ProjectDependencies) = postProject
		{1125A99F-8885-4CD9-8C88-271254B9AE40} = {1125A99F-8885-4CD9-8C88-271254B9AE40}
		{D5129506-867B-4481-B22B-80867713464E} = {D5129506-867B-4481-B22B-80867713464E}
	EndProjectSection
EndProject
Project("{FAE04EC0-301F-11D3-BF4B-00C04F79EFBC}") = "Snail.MySql", "src\Snail.MySql\Snail.MySql.csproj", "{F6C48091-83F7-4A97-9548-13797262FF80}"
	ProjectSection(ProjectDependencies) = postProject
		{A7AE7FA9-32C6-4097-A3B7-DFD72A73E66E} = {A7AE7FA9-32C6-4097-A3B7-DFD72A73E66E}
	EndProjectSection
EndProject
Project("{FAE04EC0-301F-11D3-BF4B-00C04F79EFBC}") = "Snail.PostgreSql", "src\Snail.PostgreSql\Snail.PostgreSql.csproj", "{1A8DBE16-840F-45C2-9D65-5AB6E5D4A95B}"
	ProjectSection(ProjectDependencies) = postProject
		{A7AE7FA9-32C6-4097-A3B7-DFD72A73E66E} = {A7AE7FA9-32C6-4097-A3B7-DFD72A73E66E}
	EndProjectSection
EndProject
Project("{FAE04EC0-301F-11D3-BF4B-00C04F79EFBC}") = "Snail.SqlCore", "src\Snail.SqlCore\Snail.SqlCore.csproj", "{A7AE7FA9-32C6-4097-A3B7-DFD72A73E66E}"
	ProjectSection(ProjectDependencies) = postProject
		{1125A99F-8885-4CD9-8C88-271254B9AE40} = {1125A99F-8885-4CD9-8C88-271254B9AE40}
		{D5129506-867B-4481-B22B-80867713464E} = {D5129506-867B-4481-B22B-80867713464E}
	EndProjectSection
EndProject
Project("{2150E333-8FDC-42A3-9474-1A3956D46DE8}") = "🧰 测试类库", "🧰 测试类库", "{FBA0AC7C-D569-4FB2-AF91-F6DD5D2D9791}"
EndProject
Project("{FAE04EC0-301F-11D3-BF4B-00C04F79EFBC}") = "Snail.Test", "test\Snail.Test\Snail.Test.csproj", "{077A5BC1-B024-4533-B366-D4C8C139973C}"
	ProjectSection(ProjectDependencies) = postProject
		{1125A99F-8885-4CD9-8C88-271254B9AE40} = {1125A99F-8885-4CD9-8C88-271254B9AE40}
		{1A8DBE16-840F-45C2-9D65-5AB6E5D4A95B} = {1A8DBE16-840F-45C2-9D65-5AB6E5D4A95B}
		{1B20969D-1748-4148-B6D1-4926DE506909} = {1B20969D-1748-4148-B6D1-4926DE506909}
		{1D4B4640-A762-4293-B16D-33BE59EF6979} = {1D4B4640-A762-4293-B16D-33BE59EF6979}
		{50D16324-19DF-46F7-9E03-782B0975DF42} = {50D16324-19DF-46F7-9E03-782B0975DF42}
		{7FAD33FE-801D-49A8-B54F-5F425CEB31F9} = {7FAD33FE-801D-49A8-B54F-5F425CEB31F9}
		{A7AE7FA9-32C6-4097-A3B7-DFD72A73E66E} = {A7AE7FA9-32C6-4097-A3B7-DFD72A73E66E}
		{AC2AF931-6BCA-4978-9FDE-506AE083ADC1} = {AC2AF931-6BCA-4978-9FDE-506AE083ADC1}
		{C2996423-9DFF-4C22-92F4-6428CF17839C} = {C2996423-9DFF-4C22-92F4-6428CF17839C}
		{D5129506-867B-4481-B22B-80867713464E} = {D5129506-867B-4481-B22B-80867713464E}
		{EE9FCF72-998C-42F8-8BA9-D8A0CB2749D2} = {EE9FCF72-998C-42F8-8BA9-D8A0CB2749D2}
		{F6C48091-83F7-4A97-9548-13797262FF80} = {F6C48091-83F7-4A97-9548-13797262FF80}
	EndProjectSection
EndProject
Project("{FAE04EC0-301F-11D3-BF4B-00C04F79EFBC}") = "Snail.WebApiTest", "test\Snail.WebApiTest\Snail.WebApiTest.csproj", "{787EB42C-EFDB-46E9-9EB1-C0962BFE986D}"
	ProjectSection(ProjectDependencies) = postProject
		{1125A99F-8885-4CD9-8C88-271254B9AE40} = {1125A99F-8885-4CD9-8C88-271254B9AE40}
		{1A8DBE16-840F-45C2-9D65-5AB6E5D4A95B} = {1A8DBE16-840F-45C2-9D65-5AB6E5D4A95B}
		{1B20969D-1748-4148-B6D1-4926DE506909} = {1B20969D-1748-4148-B6D1-4926DE506909}
		{1D4B4640-A762-4293-B16D-33BE59EF6979} = {1D4B4640-A762-4293-B16D-33BE59EF6979}
		{2D0B6B02-D19D-44C4-BE2D-F5DED1525086} = {2D0B6B02-D19D-44C4-BE2D-F5DED1525086}
		{50D16324-19DF-46F7-9E03-782B0975DF42} = {50D16324-19DF-46F7-9E03-782B0975DF42}
		{7FAD33FE-801D-49A8-B54F-5F425CEB31F9} = {7FAD33FE-801D-49A8-B54F-5F425CEB31F9}
		{A7AE7FA9-32C6-4097-A3B7-DFD72A73E66E} = {A7AE7FA9-32C6-4097-A3B7-DFD72A73E66E}
		{AC2AF931-6BCA-4978-9FDE-506AE083ADC1} = {AC2AF931-6BCA-4978-9FDE-506AE083ADC1}
		{C2996423-9DFF-4C22-92F4-6428CF17839C} = {C2996423-9DFF-4C22-92F4-6428CF17839C}
		{D5129506-867B-4481-B22B-80867713464E} = {D5129506-867B-4481-B22B-80867713464E}
		{EE9FCF72-998C-42F8-8BA9-D8A0CB2749D2} = {EE9FCF72-998C-42F8-8BA9-D8A0CB2749D2}
		{F6C48091-83F7-4A97-9548-13797262FF80} = {F6C48091-83F7-4A97-9548-13797262FF80}
	EndProjectSection
EndProject
Global
	GlobalSection(SolutionConfigurationPlatforms) = preSolution
		Debug|Any CPU = Debug|Any CPU
		Release|Any CPU = Release|Any CPU
	EndGlobalSection
	GlobalSection(ProjectConfigurationPlatforms) = postSolution
		{50D16324-19DF-46F7-9E03-782B0975DF42}.Debug|Any CPU.ActiveCfg = Debug|Any CPU
		{50D16324-19DF-46F7-9E03-782B0975DF42}.Debug|Any CPU.Build.0 = Debug|Any CPU
		{50D16324-19DF-46F7-9E03-782B0975DF42}.Release|Any CPU.ActiveCfg = Release|Any CPU
		{50D16324-19DF-46F7-9E03-782B0975DF42}.Release|Any CPU.Build.0 = Release|Any CPU
		{D5129506-867B-4481-B22B-80867713464E}.Debug|Any CPU.ActiveCfg = Debug|Any CPU
		{D5129506-867B-4481-B22B-80867713464E}.Debug|Any CPU.Build.0 = Debug|Any CPU
		{D5129506-867B-4481-B22B-80867713464E}.Release|Any CPU.ActiveCfg = Release|Any CPU
		{D5129506-867B-4481-B22B-80867713464E}.Release|Any CPU.Build.0 = Release|Any CPU
		{1D4B4640-A762-4293-B16D-33BE59EF6979}.Debug|Any CPU.ActiveCfg = Debug|Any CPU
		{1D4B4640-A762-4293-B16D-33BE59EF6979}.Debug|Any CPU.Build.0 = Debug|Any CPU
		{1D4B4640-A762-4293-B16D-33BE59EF6979}.Release|Any CPU.ActiveCfg = Release|Any CPU
		{1D4B4640-A762-4293-B16D-33BE59EF6979}.Release|Any CPU.Build.0 = Release|Any CPU
		{1125A99F-8885-4CD9-8C88-271254B9AE40}.Debug|Any CPU.ActiveCfg = Debug|Any CPU
		{1125A99F-8885-4CD9-8C88-271254B9AE40}.Debug|Any CPU.Build.0 = Debug|Any CPU
		{1125A99F-8885-4CD9-8C88-271254B9AE40}.Release|Any CPU.ActiveCfg = Release|Any CPU
		{1125A99F-8885-4CD9-8C88-271254B9AE40}.Release|Any CPU.Build.0 = Release|Any CPU
		{C2996423-9DFF-4C22-92F4-6428CF17839C}.Debug|Any CPU.ActiveCfg = Debug|Any CPU
		{C2996423-9DFF-4C22-92F4-6428CF17839C}.Debug|Any CPU.Build.0 = Debug|Any CPU
		{C2996423-9DFF-4C22-92F4-6428CF17839C}.Release|Any CPU.ActiveCfg = Release|Any CPU
		{C2996423-9DFF-4C22-92F4-6428CF17839C}.Release|Any CPU.Build.0 = Release|Any CPU
		{1B20969D-1748-4148-B6D1-4926DE506909}.Debug|Any CPU.ActiveCfg = Debug|Any CPU
		{1B20969D-1748-4148-B6D1-4926DE506909}.Debug|Any CPU.Build.0 = Debug|Any CPU
		{1B20969D-1748-4148-B6D1-4926DE506909}.Release|Any CPU.ActiveCfg = Release|Any CPU
		{1B20969D-1748-4148-B6D1-4926DE506909}.Release|Any CPU.Build.0 = Release|Any CPU
		{AC2AF931-6BCA-4978-9FDE-506AE083ADC1}.Debug|Any CPU.ActiveCfg = Debug|Any CPU
		{AC2AF931-6BCA-4978-9FDE-506AE083ADC1}.Debug|Any CPU.Build.0 = Debug|Any CPU
		{AC2AF931-6BCA-4978-9FDE-506AE083ADC1}.Release|Any CPU.ActiveCfg = Release|Any CPU
		{AC2AF931-6BCA-4978-9FDE-506AE083ADC1}.Release|Any CPU.Build.0 = Release|Any CPU
		{2D0B6B02-D19D-44C4-BE2D-F5DED1525086}.Debug|Any CPU.ActiveCfg = Debug|Any CPU
		{2D0B6B02-D19D-44C4-BE2D-F5DED1525086}.Debug|Any CPU.Build.0 = Debug|Any CPU
		{2D0B6B02-D19D-44C4-BE2D-F5DED1525086}.Release|Any CPU.ActiveCfg = Release|Any CPU
		{2D0B6B02-D19D-44C4-BE2D-F5DED1525086}.Release|Any CPU.Build.0 = Release|Any CPU
		{EE9FCF72-998C-42F8-8BA9-D8A0CB2749D2}.Debug|Any CPU.ActiveCfg = Debug|Any CPU
		{EE9FCF72-998C-42F8-8BA9-D8A0CB2749D2}.Debug|Any CPU.Build.0 = Debug|Any CPU
		{EE9FCF72-998C-42F8-8BA9-D8A0CB2749D2}.Release|Any CPU.ActiveCfg = Release|Any CPU
		{EE9FCF72-998C-42F8-8BA9-D8A0CB2749D2}.Release|Any CPU.Build.0 = Release|Any CPU
		{7FAD33FE-801D-49A8-B54F-5F425CEB31F9}.Debug|Any CPU.ActiveCfg = Debug|Any CPU
		{7FAD33FE-801D-49A8-B54F-5F425CEB31F9}.Debug|Any CPU.Build.0 = Debug|Any CPU
		{7FAD33FE-801D-49A8-B54F-5F425CEB31F9}.Release|Any CPU.ActiveCfg = Release|Any CPU
		{7FAD33FE-801D-49A8-B54F-5F425CEB31F9}.Release|Any CPU.Build.0 = Release|Any CPU
		{F6C48091-83F7-4A97-9548-13797262FF80}.Debug|Any CPU.ActiveCfg = Debug|Any CPU
		{F6C48091-83F7-4A97-9548-13797262FF80}.Debug|Any CPU.Build.0 = Debug|Any CPU
		{F6C48091-83F7-4A97-9548-13797262FF80}.Release|Any CPU.ActiveCfg = Release|Any CPU
		{F6C48091-83F7-4A97-9548-13797262FF80}.Release|Any CPU.Build.0 = Release|Any CPU
		{1A8DBE16-840F-45C2-9D65-5AB6E5D4A95B}.Debug|Any CPU.ActiveCfg = Debug|Any CPU
		{1A8DBE16-840F-45C2-9D65-5AB6E5D4A95B}.Debug|Any CPU.Build.0 = Debug|Any CPU
		{1A8DBE16-840F-45C2-9D65-5AB6E5D4A95B}.Release|Any CPU.ActiveCfg = Release|Any CPU
		{1A8DBE16-840F-45C2-9D65-5AB6E5D4A95B}.Release|Any CPU.Build.0 = Release|Any CPU
		{A7AE7FA9-32C6-4097-A3B7-DFD72A73E66E}.Debug|Any CPU.ActiveCfg = Debug|Any CPU
		{A7AE7FA9-32C6-4097-A3B7-DFD72A73E66E}.Debug|Any CPU.Build.0 = Debug|Any CPU
		{A7AE7FA9-32C6-4097-A3B7-DFD72A73E66E}.Release|Any CPU.ActiveCfg = Release|Any CPU
		{A7AE7FA9-32C6-4097-A3B7-DFD72A73E66E}.Release|Any CPU.Build.0 = Release|Any CPU
		{077A5BC1-B024-4533-B366-D4C8C139973C}.Debug|Any CPU.ActiveCfg = Debug|Any CPU
		{077A5BC1-B024-4533-B366-D4C8C139973C}.Debug|Any CPU.Build.0 = Debug|Any CPU
		{077A5BC1-B024-4533-B366-D4C8C139973C}.Release|Any CPU.ActiveCfg = Release|Any CPU
		{077A5BC1-B024-4533-B366-D4C8C139973C}.Release|Any CPU.Build.0 = Release|Any CPU
		{787EB42C-EFDB-46E9-9EB1-C0962BFE986D}.Debug|Any CPU.ActiveCfg = Debug|Any CPU
		{787EB42C-EFDB-46E9-9EB1-C0962BFE986D}.Debug|Any CPU.Build.0 = Debug|Any CPU
		{787EB42C-EFDB-46E9-9EB1-C0962BFE986D}.Release|Any CPU.ActiveCfg = Release|Any CPU
		{787EB42C-EFDB-46E9-9EB1-C0962BFE986D}.Release|Any CPU.Build.0 = Release|Any CPU
	EndGlobalSection
	GlobalSection(SolutionProperties) = preSolution
		HideSolutionNode = FALSE
	EndGlobalSection
	GlobalSection(NestedProjects) = preSolution
		{50D16324-19DF-46F7-9E03-782B0975DF42} = {70A0643A-4067-4CDD-9374-6167D671914D}
		{D5129506-867B-4481-B22B-80867713464E} = {2ABCB366-DE82-4B83-9228-02D7F400759A}
		{1D4B4640-A762-4293-B16D-33BE59EF6979} = {2ABCB366-DE82-4B83-9228-02D7F400759A}
		{1125A99F-8885-4CD9-8C88-271254B9AE40} = {7FEBAB95-2F21-494F-86E9-2D185B19533C}
		{C2996423-9DFF-4C22-92F4-6428CF17839C} = {7FEBAB95-2F21-494F-86E9-2D185B19533C}
		{1B20969D-1748-4148-B6D1-4926DE506909} = {7FEBAB95-2F21-494F-86E9-2D185B19533C}
		{AC2AF931-6BCA-4978-9FDE-506AE083ADC1} = {7FEBAB95-2F21-494F-86E9-2D185B19533C}
		{2D0B6B02-D19D-44C4-BE2D-F5DED1525086} = {7FEBAB95-2F21-494F-86E9-2D185B19533C}
		{EE9FCF72-998C-42F8-8BA9-D8A0CB2749D2} = {176053B2-9695-49C1-A3F8-E7115810594D}
		{7FAD33FE-801D-49A8-B54F-5F425CEB31F9} = {176053B2-9695-49C1-A3F8-E7115810594D}
		{F6C48091-83F7-4A97-9548-13797262FF80} = {176053B2-9695-49C1-A3F8-E7115810594D}
		{1A8DBE16-840F-45C2-9D65-5AB6E5D4A95B} = {176053B2-9695-49C1-A3F8-E7115810594D}
		{A7AE7FA9-32C6-4097-A3B7-DFD72A73E66E} = {176053B2-9695-49C1-A3F8-E7115810594D}
		{077A5BC1-B024-4533-B366-D4C8C139973C} = {FBA0AC7C-D569-4FB2-AF91-F6DD5D2D9791}
		{787EB42C-EFDB-46E9-9EB1-C0962BFE986D} = {FBA0AC7C-D569-4FB2-AF91-F6DD5D2D9791}
	EndGlobalSection
	GlobalSection(ExtensibilityGlobals) = postSolution
		SolutionGuid = {C6279D31-8041-4F89-B1D2-F716B35905F3}
	EndGlobalSection
EndGlobal
